
Microsoft Visual Studio Solution File, Format Version 12.00
# Visual Studio Version 17
VisualStudioVersion = 17.7.34202.233
MinimumVisualStudioVersion = 10.0.40219.1
Project("{FAE04EC0-301F-11D3-BF4B-00C04F79EFBC}") = "practicew23_02", "practicew23_02\practicew23_02.csproj", "{968E0B6C-A069-4BF0-B482-8E51E9823C55}"
EndProject
Global
	GlobalSection(SolutionConfigurationPlatforms) = preSolution
		Debug|Any CPU = Debug|Any CPU
		Release|Any CPU = Release|Any CPU
	EndGlobalSection
	GlobalSection(ProjectConfigurationPlatforms) = postSolution
		{968E0B6C-A069-4BF0-B482-8E51E9823C55}.Debug|Any CPU.ActiveCfg = Debug|Any CPU
		{968E0B6C-A069-4BF0-B482-8E51E9823C55}.Debug|Any CPU.Build.0 = Debug|Any CPU
		{968E0B6C-A069-4BF0-B482-8E51E9823C55}.Release|Any CPU.ActiveCfg = Release|Any CPU
		{968E0B6C-A069-4BF0-B482-8E51E9823C55}.Release|Any CPU.Build.0 = Release|Any CPU
	EndGlobalSection
	GlobalSection(SolutionProperties) = preSolution
		HideSolutionNode = FALSE
	EndGlobalSection
	GlobalSection(ExtensibilityGlobals) = postSolution
		SolutionGuid = {DA7B50CF-47A4-4B38-9CDD-C647CE7F89BD}
	EndGlobalSection
EndGlobal
